// !$*UTF8*$!
{
	archiveVersion = 1;
	classes = {
	};
	objectVersion = 48;
	objects = {

/* Begin PBXBuildFile section */
		18369C561FBC75B10019830B /* Helper.swift in Sources */ = {isa = PBXBuildFile; fileRef = 18369C551FBC75B10019830B /* Helper.swift */; };
		183FBAAF1FB326DD000E0ADC /* AppDelegate.swift in Sources */ = {isa = PBXBuildFile; fileRef = 183FBAAE1FB326DD000E0ADC /* AppDelegate.swift */; };
		183FBAB41FB326DD000E0ADC /* Main.storyboard in Resources */ = {isa = PBXBuildFile; fileRef = 183FBAB21FB326DD000E0ADC /* Main.storyboard */; };
		183FBAB61FB326DD000E0ADC /* Assets.xcassets in Resources */ = {isa = PBXBuildFile; fileRef = 183FBAB51FB326DD000E0ADC /* Assets.xcassets */; };
		183FBAB91FB326DD000E0ADC /* LaunchScreen.storyboard in Resources */ = {isa = PBXBuildFile; fileRef = 183FBAB71FB326DD000E0ADC /* LaunchScreen.storyboard */; };
		183FBAC41FB326DD000E0ADC /* Diary_AppTests.swift in Sources */ = {isa = PBXBuildFile; fileRef = 183FBAC31FB326DD000E0ADC /* Diary_AppTests.swift */; };
		183FBACF1FB33CE6000E0ADC /* CoreDataStack.swift in Sources */ = {isa = PBXBuildFile; fileRef = 183FBACE1FB33CE6000E0ADC /* CoreDataStack.swift */; };
		18532F921FBC2D91001B2DBC /* UITextFieldLines.swift in Sources */ = {isa = PBXBuildFile; fileRef = 18532F911FBC2D91001B2DBC /* UITextFieldLines.swift */; };
		188FCDFA1FBD89A60081E55D /* LocationManager.swift in Sources */ = {isa = PBXBuildFile; fileRef = 188FCDF91FBD89A60081E55D /* LocationManager.swift */; };
		188FCDFF1FBDA1480081E55D /* CoreLocation.framework in Frameworks */ = {isa = PBXBuildFile; fileRef = 188FCDFE1FBDA10C0081E55D /* CoreLocation.framework */; };
		188FCE011FBDA64A0081E55D /* CurrentLocationController.swift in Sources */ = {isa = PBXBuildFile; fileRef = 188FCE001FBDA64A0081E55D /* CurrentLocationController.swift */; };
		18E02C602011FA2D00C1B9AE /* LoginViewController.swift in Sources */ = {isa = PBXBuildFile; fileRef = 18E02C5F2011FA2D00C1B9AE /* LoginViewController.swift */; };
		18E3DE431FB3489000A6A011 /* Diary.xcdatamodeld in Sources */ = {isa = PBXBuildFile; fileRef = 18E3DE411FB3489000A6A011 /* Diary.xcdatamodeld */; };
		18ED75061FB5A662007C3A4A /* DetailEntryController.swift in Sources */ = {isa = PBXBuildFile; fileRef = 18ED75051FB5A662007C3A4A /* DetailEntryController.swift */; };
		18ED750B1FB5AA33007C3A4A /* Entry+CoreDataClass.swift in Sources */ = {isa = PBXBuildFile; fileRef = 18ED75091FB5AA33007C3A4A /* Entry+CoreDataClass.swift */; };
		18ED750C1FB5AA33007C3A4A /* Entry+CoreDataProperties.swift in Sources */ = {isa = PBXBuildFile; fileRef = 18ED750A1FB5AA33007C3A4A /* Entry+CoreDataProperties.swift */; };
		18F3210F1FB451AE00B53E31 /* DiaryMasterController.swift in Sources */ = {isa = PBXBuildFile; fileRef = 18F3210E1FB451AE00B53E31 /* DiaryMasterController.swift */; };
		18F43D511FB99D7000C31E2A /* DiaryFetchedResultsController.swift in Sources */ = {isa = PBXBuildFile; fileRef = 18F43D501FB99D7000C31E2A /* DiaryFetchedResultsController.swift */; };
		18F43D531FB9B6B200C31E2A /* DiaryMasterDataSource.swift in Sources */ = {isa = PBXBuildFile; fileRef = 18F43D521FB9B6B200C31E2A /* DiaryMasterDataSource.swift */; };
		18F43D561FB9D53900C31E2A /* EntryCellViewModel.swift in Sources */ = {isa = PBXBuildFile; fileRef = 18F43D551FB9D53900C31E2A /* EntryCellViewModel.swift */; };
		18F43D591FB9D57D00C31E2A /* EntryCell.swift in Sources */ = {isa = PBXBuildFile; fileRef = 18F43D581FB9D57D00C31E2A /* EntryCell.swift */; };
/* End PBXBuildFile section */

/* Begin PBXContainerItemProxy section */
		183FBAC01FB326DD000E0ADC /* PBXContainerItemProxy */ = {
			isa = PBXContainerItemProxy;
			containerPortal = 183FBAA31FB326DD000E0ADC /* Project object */;
			proxyType = 1;
			remoteGlobalIDString = 183FBAAA1FB326DD000E0ADC;
			remoteInfo = "Diary App";
		};
/* End PBXContainerItemProxy section */

/* Begin PBXFileReference section */
		18369C551FBC75B10019830B /* Helper.swift */ = {isa = PBXFileReference; lastKnownFileType = sourcecode.swift; path = Helper.swift; sourceTree = "<group>"; };
		183FBAAB1FB326DD000E0ADC /* Diary App.app */ = {isa = PBXFileReference; explicitFileType = wrapper.application; includeInIndex = 0; path = "Diary App.app"; sourceTree = BUILT_PRODUCTS_DIR; };
		183FBAAE1FB326DD000E0ADC /* AppDelegate.swift */ = {isa = PBXFileReference; lastKnownFileType = sourcecode.swift; path = AppDelegate.swift; sourceTree = "<group>"; };
		183FBAB31FB326DD000E0ADC /* Base */ = {isa = PBXFileReference; lastKnownFileType = file.storyboard; name = Base; path = Base.lproj/Main.storyboard; sourceTree = "<group>"; };
		183FBAB51FB326DD000E0ADC /* Assets.xcassets */ = {isa = PBXFileReference; lastKnownFileType = folder.assetcatalog; path = Assets.xcassets; sourceTree = "<group>"; };
		183FBAB81FB326DD000E0ADC /* Base */ = {isa = PBXFileReference; lastKnownFileType = file.storyboard; name = Base; path = Base.lproj/LaunchScreen.storyboard; sourceTree = "<group>"; };
		183FBABA1FB326DD000E0ADC /* Info.plist */ = {isa = PBXFileReference; lastKnownFileType = text.plist.xml; path = Info.plist; sourceTree = "<group>"; };
		183FBABF1FB326DD000E0ADC /* Diary AppTests.xctest */ = {isa = PBXFileReference; explicitFileType = wrapper.cfbundle; includeInIndex = 0; path = "Diary AppTests.xctest"; sourceTree = BUILT_PRODUCTS_DIR; };
		183FBAC31FB326DD000E0ADC /* Diary_AppTests.swift */ = {isa = PBXFileReference; lastKnownFileType = sourcecode.swift; path = Diary_AppTests.swift; sourceTree = "<group>"; };
		183FBAC51FB326DD000E0ADC /* Info.plist */ = {isa = PBXFileReference; lastKnownFileType = text.plist.xml; path = Info.plist; sourceTree = "<group>"; };
		183FBACE1FB33CE6000E0ADC /* CoreDataStack.swift */ = {isa = PBXFileReference; lastKnownFileType = sourcecode.swift; path = CoreDataStack.swift; sourceTree = "<group>"; };
		18532F911FBC2D91001B2DBC /* UITextFieldLines.swift */ = {isa = PBXFileReference; lastKnownFileType = sourcecode.swift; path = UITextFieldLines.swift; sourceTree = "<group>"; };
		188FCDF91FBD89A60081E55D /* LocationManager.swift */ = {isa = PBXFileReference; lastKnownFileType = sourcecode.swift; path = LocationManager.swift; sourceTree = "<group>"; };
		188FCDFE1FBDA10C0081E55D /* CoreLocation.framework */ = {isa = PBXFileReference; lastKnownFileType = wrapper.framework; name = CoreLocation.framework; path = System/Library/Frameworks/CoreLocation.framework; sourceTree = SDKROOT; };
		188FCE001FBDA64A0081E55D /* CurrentLocationController.swift */ = {isa = PBXFileReference; lastKnownFileType = sourcecode.swift; path = CurrentLocationController.swift; sourceTree = "<group>"; };
		18E02C5F2011FA2D00C1B9AE /* LoginViewController.swift */ = {isa = PBXFileReference; lastKnownFileType = sourcecode.swift; path = LoginViewController.swift; sourceTree = "<group>"; };
		18E3DE421FB3489000A6A011 /* Diary.xcdatamodel */ = {isa = PBXFileReference; lastKnownFileType = wrapper.xcdatamodel; path = Diary.xcdatamodel; sourceTree = "<group>"; };
		18ED75051FB5A662007C3A4A /* DetailEntryController.swift */ = {isa = PBXFileReference; lastKnownFileType = sourcecode.swift; path = DetailEntryController.swift; sourceTree = "<group>"; };
		18ED75091FB5AA33007C3A4A /* Entry+CoreDataClass.swift */ = {isa = PBXFileReference; lastKnownFileType = sourcecode.swift; path = "Entry+CoreDataClass.swift"; sourceTree = "<group>"; };
		18ED750A1FB5AA33007C3A4A /* Entry+CoreDataProperties.swift */ = {isa = PBXFileReference; lastKnownFileType = sourcecode.swift; path = "Entry+CoreDataProperties.swift"; sourceTree = "<group>"; };
		18F3210E1FB451AE00B53E31 /* DiaryMasterController.swift */ = {isa = PBXFileReference; lastKnownFileType = sourcecode.swift; path = DiaryMasterController.swift; sourceTree = "<group>"; };
		18F43D501FB99D7000C31E2A /* DiaryFetchedResultsController.swift */ = {isa = PBXFileReference; lastKnownFileType = sourcecode.swift; path = DiaryFetchedResultsController.swift; sourceTree = "<group>"; };
		18F43D521FB9B6B200C31E2A /* DiaryMasterDataSource.swift */ = {isa = PBXFileReference; lastKnownFileType = sourcecode.swift; path = DiaryMasterDataSource.swift; sourceTree = "<group>"; };
		18F43D551FB9D53900C31E2A /* EntryCellViewModel.swift */ = {isa = PBXFileReference; lastKnownFileType = sourcecode.swift; path = EntryCellViewModel.swift; sourceTree = "<group>"; };
		18F43D581FB9D57D00C31E2A /* EntryCell.swift */ = {isa = PBXFileReference; lastKnownFileType = sourcecode.swift; path = EntryCell.swift; sourceTree = "<group>"; };
/* End PBXFileReference section */

/* Begin PBXFrameworksBuildPhase section */
		183FBAA81FB326DD000E0ADC /* Frameworks */ = {
			isa = PBXFrameworksBuildPhase;
			buildActionMask = 2147483647;
			files = (
				188FCDFF1FBDA1480081E55D /* CoreLocation.framework in Frameworks */,
			);
			runOnlyForDeploymentPostprocessing = 0;
		};
		183FBABC1FB326DD000E0ADC /* Frameworks */ = {
			isa = PBXFrameworksBuildPhase;
			buildActionMask = 2147483647;
			files = (
			);
			runOnlyForDeploymentPostprocessing = 0;
		};
/* End PBXFrameworksBuildPhase section */

/* Begin PBXGroup section */
		18369C541FBC72D90019830B /* Helper */ = {
			isa = PBXGroup;
			children = (
				18369C551FBC75B10019830B /* Helper.swift */,
			);
			path = Helper;
			sourceTree = "<group>";
		};
		183FBAA21FB326DD000E0ADC = {
			isa = PBXGroup;
			children = (
				183FBAAD1FB326DD000E0ADC /* Diary App */,
				183FBAC21FB326DD000E0ADC /* Diary AppTests */,
				183FBAAC1FB326DD000E0ADC /* Products */,
				188FCDFD1FBDA10B0081E55D /* Frameworks */,
			);
			sourceTree = "<group>";
		};
		183FBAAC1FB326DD000E0ADC /* Products */ = {
			isa = PBXGroup;
			children = (
				183FBAAB1FB326DD000E0ADC /* Diary App.app */,
				183FBABF1FB326DD000E0ADC /* Diary AppTests.xctest */,
			);
			name = Products;
			sourceTree = "<group>";
		};
		183FBAAD1FB326DD000E0ADC /* Diary App */ = {
			isa = PBXGroup;
			children = (
				18369C541FBC72D90019830B /* Helper */,
				18ED750F1FB5B2DE007C3A4A /* Controller */,
				18F43D541FB9D51400C31E2A /* View Model */,
				18F43D571FB9D54B00C31E2A /* Views */,
				18ED750D1FB5B286007C3A4A /* Model */,
				18E3DE441FB348A200A6A011 /* DataSource */,
				183FBAAE1FB326DD000E0ADC /* AppDelegate.swift */,
				183FBAB21FB326DD000E0ADC /* Main.storyboard */,
				183FBAB51FB326DD000E0ADC /* Assets.xcassets */,
				183FBAB71FB326DD000E0ADC /* LaunchScreen.storyboard */,
				183FBABA1FB326DD000E0ADC /* Info.plist */,
				18E3DE411FB3489000A6A011 /* Diary.xcdatamodeld */,
				18532F911FBC2D91001B2DBC /* UITextFieldLines.swift */,
			);
			path = "Diary App";
			sourceTree = "<group>";
		};
		183FBAC21FB326DD000E0ADC /* Diary AppTests */ = {
			isa = PBXGroup;
			children = (
				183FBAC31FB326DD000E0ADC /* Diary_AppTests.swift */,
				183FBAC51FB326DD000E0ADC /* Info.plist */,
			);
			path = "Diary AppTests";
			sourceTree = "<group>";
		};
		188FCDFD1FBDA10B0081E55D /* Frameworks */ = {
			isa = PBXGroup;
			children = (
				188FCDFE1FBDA10C0081E55D /* CoreLocation.framework */,
			);
			name = Frameworks;
			sourceTree = "<group>";
		};
		18E3DE441FB348A200A6A011 /* DataSource */ = {
			isa = PBXGroup;
			children = (
				183FBACE1FB33CE6000E0ADC /* CoreDataStack.swift */,
				18F43D521FB9B6B200C31E2A /* DiaryMasterDataSource.swift */,
				188FCDF91FBD89A60081E55D /* LocationManager.swift */,
			);
			path = DataSource;
			sourceTree = "<group>";
		};
		18ED750D1FB5B286007C3A4A /* Model */ = {
			isa = PBXGroup;
			children = (
				18ED75091FB5AA33007C3A4A /* Entry+CoreDataClass.swift */,
				18ED750E1FB5B297007C3A4A /* Generated */,
			);
			path = Model;
			sourceTree = "<group>";
		};
		18ED750E1FB5B297007C3A4A /* Generated */ = {
			isa = PBXGroup;
			children = (
				18ED750A1FB5AA33007C3A4A /* Entry+CoreDataProperties.swift */,
			);
			path = Generated;
			sourceTree = "<group>";
		};
		18ED750F1FB5B2DE007C3A4A /* Controller */ = {
			isa = PBXGroup;
			children = (
				18F3210E1FB451AE00B53E31 /* DiaryMasterController.swift */,
				18F43D501FB99D7000C31E2A /* DiaryFetchedResultsController.swift */,
				18ED75051FB5A662007C3A4A /* DetailEntryController.swift */,
				188FCE001FBDA64A0081E55D /* CurrentLocationController.swift */,
				18E02C5F2011FA2D00C1B9AE /* LoginViewController.swift */,
			);
			path = Controller;
			sourceTree = "<group>";
		};
		18F43D541FB9D51400C31E2A /* View Model */ = {
			isa = PBXGroup;
			children = (
				18F43D551FB9D53900C31E2A /* EntryCellViewModel.swift */,
			);
			path = "View Model";
			sourceTree = "<group>";
		};
		18F43D571FB9D54B00C31E2A /* Views */ = {
			isa = PBXGroup;
			children = (
				18F43D581FB9D57D00C31E2A /* EntryCell.swift */,
			);
			path = Views;
			sourceTree = "<group>";
		};
/* End PBXGroup section */

/* Begin PBXNativeTarget section */
		183FBAAA1FB326DD000E0ADC /* Diary App */ = {
			isa = PBXNativeTarget;
			buildConfigurationList = 183FBAC81FB326DD000E0ADC /* Build configuration list for PBXNativeTarget "Diary App" */;
			buildPhases = (
				183FBAA71FB326DD000E0ADC /* Sources */,
				183FBAA81FB326DD000E0ADC /* Frameworks */,
				183FBAA91FB326DD000E0ADC /* Resources */,
			);
			buildRules = (
			);
			dependencies = (
			);
			name = "Diary App";
			productName = "Diary App";
			productReference = 183FBAAB1FB326DD000E0ADC /* Diary App.app */;
			productType = "com.apple.product-type.application";
		};
		183FBABE1FB326DD000E0ADC /* Diary AppTests */ = {
			isa = PBXNativeTarget;
			buildConfigurationList = 183FBACB1FB326DD000E0ADC /* Build configuration list for PBXNativeTarget "Diary AppTests" */;
			buildPhases = (
				183FBABB1FB326DD000E0ADC /* Sources */,
				183FBABC1FB326DD000E0ADC /* Frameworks */,
				183FBABD1FB326DD000E0ADC /* Resources */,
			);
			buildRules = (
			);
			dependencies = (
				183FBAC11FB326DD000E0ADC /* PBXTargetDependency */,
			);
			name = "Diary AppTests";
			productName = "Diary AppTests";
			productReference = 183FBABF1FB326DD000E0ADC /* Diary AppTests.xctest */;
			productType = "com.apple.product-type.bundle.unit-test";
		};
/* End PBXNativeTarget section */

/* Begin PBXProject section */
		183FBAA31FB326DD000E0ADC /* Project object */ = {
			isa = PBXProject;
			attributes = {
				LastSwiftUpdateCheck = 0910;
				LastUpgradeCheck = 0910;
				ORGANIZATIONNAME = "Angus Muller";
				TargetAttributes = {
					183FBAAA1FB326DD000E0ADC = {
						CreatedOnToolsVersion = 9.1;
						ProvisioningStyle = Automatic;
					};
					183FBABE1FB326DD000E0ADC = {
						CreatedOnToolsVersion = 9.1;
						ProvisioningStyle = Automatic;
						TestTargetID = 183FBAAA1FB326DD000E0ADC;
					};
				};
			};
			buildConfigurationList = 183FBAA61FB326DD000E0ADC /* Build configuration list for PBXProject "Diary App" */;
			compatibilityVersion = "Xcode 8.0";
			developmentRegion = en;
			hasScannedForEncodings = 0;
			knownRegions = (
				en,
				Base,
			);
			mainGroup = 183FBAA21FB326DD000E0ADC;
			productRefGroup = 183FBAAC1FB326DD000E0ADC /* Products */;
			projectDirPath = "";
			projectRoot = "";
			targets = (
				183FBAAA1FB326DD000E0ADC /* Diary App */,
				183FBABE1FB326DD000E0ADC /* Diary AppTests */,
			);
		};
/* End PBXProject section */

/* Begin PBXResourcesBuildPhase section */
		183FBAA91FB326DD000E0ADC /* Resources */ = {
			isa = PBXResourcesBuildPhase;
			buildActionMask = 2147483647;
			files = (
				183FBAB91FB326DD000E0ADC /* LaunchScreen.storyboard in Resources */,
				183FBAB61FB326DD000E0ADC /* Assets.xcassets in Resources */,
				183FBAB41FB326DD000E0ADC /* Main.storyboard in Resources */,
			);
			runOnlyForDeploymentPostprocessing = 0;
		};
		183FBABD1FB326DD000E0ADC /* Resources */ = {
			isa = PBXResourcesBuildPhase;
			buildActionMask = 2147483647;
			files = (
			);
			runOnlyForDeploymentPostprocessing = 0;
		};
/* End PBXResourcesBuildPhase section */

/* Begin PBXSourcesBuildPhase section */
		183FBAA71FB326DD000E0ADC /* Sources */ = {
			isa = PBXSourcesBuildPhase;
			buildActionMask = 2147483647;
			files = (
				18F43D531FB9B6B200C31E2A /* DiaryMasterDataSource.swift in Sources */,
				18369C561FBC75B10019830B /* Helper.swift in Sources */,
				188FCDFA1FBD89A60081E55D /* LocationManager.swift in Sources */,
				183FBACF1FB33CE6000E0ADC /* CoreDataStack.swift in Sources */,
				18532F921FBC2D91001B2DBC /* UITextFieldLines.swift in Sources */,
				188FCE011FBDA64A0081E55D /* CurrentLocationController.swift in Sources */,
				18ED750B1FB5AA33007C3A4A /* Entry+CoreDataClass.swift in Sources */,
				18F43D591FB9D57D00C31E2A /* EntryCell.swift in Sources */,
				183FBAAF1FB326DD000E0ADC /* AppDelegate.swift in Sources */,
				18E3DE431FB3489000A6A011 /* Diary.xcdatamodeld in Sources */,
				18F43D511FB99D7000C31E2A /* DiaryFetchedResultsController.swift in Sources */,
				18F43D561FB9D53900C31E2A /* EntryCellViewModel.swift in Sources */,
				18E02C602011FA2D00C1B9AE /* LoginViewController.swift in Sources */,
				18ED750C1FB5AA33007C3A4A /* Entry+CoreDataProperties.swift in Sources */,
				18F3210F1FB451AE00B53E31 /* DiaryMasterController.swift in Sources */,
				18ED75061FB5A662007C3A4A /* DetailEntryController.swift in Sources */,
			);
			runOnlyForDeploymentPostprocessing = 0;
		};
		183FBABB1FB326DD000E0ADC /* Sources */ = {
			isa = PBXSourcesBuildPhase;
			buildActionMask = 2147483647;
			files = (
				183FBAC41FB326DD000E0ADC /* Diary_AppTests.swift in Sources */,
			);
			runOnlyForDeploymentPostprocessing = 0;
		};
/* End PBXSourcesBuildPhase section */

/* Begin PBXTargetDependency section */
		183FBAC11FB326DD000E0ADC /* PBXTargetDependency */ = {
			isa = PBXTargetDependency;
			target = 183FBAAA1FB326DD000E0ADC /* Diary App */;
			targetProxy = 183FBAC01FB326DD000E0ADC /* PBXContainerItemProxy */;
		};
/* End PBXTargetDependency section */

/* Begin PBXVariantGroup section */
		183FBAB21FB326DD000E0ADC /* Main.storyboard */ = {
			isa = PBXVariantGroup;
			children = (
				183FBAB31FB326DD000E0ADC /* Base */,
			);
			name = Main.storyboard;
			sourceTree = "<group>";
		};
		183FBAB71FB326DD000E0ADC /* LaunchScreen.storyboard */ = {
			isa = PBXVariantGroup;
			children = (
				183FBAB81FB326DD000E0ADC /* Base */,
			);
			name = LaunchScreen.storyboard;
			sourceTree = "<group>";
		};
/* End PBXVariantGroup section */

/* Begin XCBuildConfiguration section */
		183FBAC61FB326DD000E0ADC /* Debug */ = {
			isa = XCBuildConfiguration;
			buildSettings = {
				ALWAYS_SEARCH_USER_PATHS = NO;
				CLANG_ANALYZER_NONNULL = YES;
				CLANG_ANALYZER_NUMBER_OBJECT_CONVERSION = YES_AGGRESSIVE;
				CLANG_CXX_LANGUAGE_STANDARD = "gnu++14";
				CLANG_CXX_LIBRARY = "libc++";
				CLANG_ENABLE_MODULES = YES;
				CLANG_ENABLE_OBJC_ARC = YES;
				CLANG_WARN_BLOCK_CAPTURE_AUTORELEASING = YES;
				CLANG_WARN_BOOL_CONVERSION = YES;
				CLANG_WARN_COMMA = YES;
				CLANG_WARN_CONSTANT_CONVERSION = YES;
				CLANG_WARN_DIRECT_OBJC_ISA_USAGE = YES_ERROR;
				CLANG_WARN_DOCUMENTATION_COMMENTS = YES;
				CLANG_WARN_EMPTY_BODY = YES;
				CLANG_WARN_ENUM_CONVERSION = YES;
				CLANG_WARN_INFINITE_RECURSION = YES;
				CLANG_WARN_INT_CONVERSION = YES;
				CLANG_WARN_NON_LITERAL_NULL_CONVERSION = YES;
				CLANG_WARN_OBJC_LITERAL_CONVERSION = YES;
				CLANG_WARN_OBJC_ROOT_CLASS = YES_ERROR;
				CLANG_WARN_RANGE_LOOP_ANALYSIS = YES;
				CLANG_WARN_STRICT_PROTOTYPES = YES;
				CLANG_WARN_SUSPICIOUS_MOVE = YES;
				CLANG_WARN_UNGUARDED_AVAILABILITY = YES_AGGRESSIVE;
				CLANG_WARN_UNREACHABLE_CODE = YES;
				CLANG_WARN__DUPLICATE_METHOD_MATCH = YES;
				CODE_SIGN_IDENTITY = "iPhone Developer";
				COPY_PHASE_STRIP = NO;
				DEBUG_INFORMATION_FORMAT = dwarf;
				ENABLE_STRICT_OBJC_MSGSEND = YES;
				ENABLE_TESTABILITY = YES;
				GCC_C_LANGUAGE_STANDARD = gnu11;
				GCC_DYNAMIC_NO_PIC = NO;
				GCC_NO_COMMON_BLOCKS = YES;
				GCC_OPTIMIZATION_LEVEL = 0;
				GCC_PREPROCESSOR_DEFINITIONS = (
					"DEBUG=1",
					"$(inherited)",
				);
				GCC_WARN_64_TO_32_BIT_CONVERSION = YES;
				GCC_WARN_ABOUT_RETURN_TYPE = YES_ERROR;
				GCC_WARN_UNDECLARED_SELECTOR = YES;
				GCC_WARN_UNINITIALIZED_AUTOS = YES_AGGRESSIVE;
				GCC_WARN_UNUSED_FUNCTION = YES;
				GCC_WARN_UNUSED_VARIABLE = YES;
				IPHONEOS_DEPLOYMENT_TARGET = 11.1;
				MTL_ENABLE_DEBUG_INFO = YES;
				ONLY_ACTIVE_ARCH = YES;
				SDKROOT = iphoneos;
				SWIFT_ACTIVE_COMPILATION_CONDITIONS = DEBUG;
				SWIFT_OPTIMIZATION_LEVEL = "-Onone";
			};
			name = Debug;
		};
		183FBAC71FB326DD000E0ADC /* Release */ = {
			isa = XCBuildConfiguration;
			buildSettings = {
				ALWAYS_SEARCH_USER_PATHS = NO;
				CLANG_ANALYZER_NONNULL = YES;
				CLANG_ANALYZER_NUMBER_OBJECT_CONVERSION = YES_AGGRESSIVE;
				CLANG_CXX_LANGUAGE_STANDARD = "gnu++14";
				CLANG_CXX_LIBRARY = "libc++";
				CLANG_ENABLE_MODULES = YES;
				CLANG_ENABLE_OBJC_ARC = YES;
				CLANG_WARN_BLOCK_CAPTURE_AUTORELEASING = YES;
				CLANG_WARN_BOOL_CONVERSION = YES;
				CLANG_WARN_COMMA = YES;
				CLANG_WARN_CONSTANT_CONVERSION = YES;
				CLANG_WARN_DIRECT_OBJC_ISA_USAGE = YES_ERROR;
				CLANG_WARN_DOCUMENTATION_COMMENTS = YES;
				CLANG_WARN_EMPTY_BODY = YES;
				CLANG_WARN_ENUM_CONVERSION = YES;
				CLANG_WARN_INFINITE_RECURSION = YES;
				CLANG_WARN_INT_CONVERSION = YES;
				CLANG_WARN_NON_LITERAL_NULL_CONVERSION = YES;
				CLANG_WARN_OBJC_LITERAL_CONVERSION = YES;
				CLANG_WARN_OBJC_ROOT_CLASS = YES_ERROR;
				CLANG_WARN_RANGE_LOOP_ANALYSIS = YES;
				CLANG_WARN_STRICT_PROTOTYPES = YES;
				CLANG_WARN_SUSPICIOUS_MOVE = YES;
				CLANG_WARN_UNGUARDED_AVAILABILITY = YES_AGGRESSIVE;
				CLANG_WARN_UNREACHABLE_CODE = YES;
				CLANG_WARN__DUPLICATE_METHOD_MATCH = YES;
				CODE_SIGN_IDENTITY = "iPhone Developer";
				COPY_PHASE_STRIP = NO;
				DEBUG_INFORMATION_FORMAT = "dwarf-with-dsym";
				ENABLE_NS_ASSERTIONS = NO;
				ENABLE_STRICT_OBJC_MSGSEND = YES;
				GCC_C_LANGUAGE_STANDARD = gnu11;
				GCC_NO_COMMON_BLOCKS = YES;
				GCC_WARN_64_TO_32_BIT_CONVERSION = YES;
				GCC_WARN_ABOUT_RETURN_TYPE = YES_ERROR;
				GCC_WARN_UNDECLARED_SELECTOR = YES;
				GCC_WARN_UNINITIALIZED_AUTOS = YES_AGGRESSIVE;
				GCC_WARN_UNUSED_FUNCTION = YES;
				GCC_WARN_UNUSED_VARIABLE = YES;
				IPHONEOS_DEPLOYMENT_TARGET = 11.1;
				MTL_ENABLE_DEBUG_INFO = NO;
				SDKROOT = iphoneos;
				SWIFT_OPTIMIZATION_LEVEL = "-Owholemodule";
				VALIDATE_PRODUCT = YES;
			};
			name = Release;
		};
		183FBAC91FB326DD000E0ADC /* Debug */ = {
			isa = XCBuildConfiguration;
			buildSettings = {
				ASSETCATALOG_COMPILER_APPICON_NAME = AppIcon;
				CODE_SIGN_STYLE = Automatic;
				DEVELOPMENT_TEAM = W47864AP4M;
				INFOPLIST_FILE = "Diary App/Info.plist";
				LD_RUNPATH_SEARCH_PATHS = "$(inherited) @executable_path/Frameworks";
				PRODUCT_BUNDLE_IDENTIFIER = "angusmuller.Diary-App";
				PRODUCT_NAME = "$(TARGET_NAME)";
				SWIFT_VERSION = 4.0;
				TARGETED_DEVICE_FAMILY = "1,2";
			};
			name = Debug;
		};
		183FBACA1FB326DD000E0ADC /* Release */ = {
			isa = XCBuildConfiguration;
			buildSettings = {
				ASSETCATALOG_COMPILER_APPICON_NAME = AppIcon;
				CODE_SIGN_STYLE = Automatic;
				DEVELOPMENT_TEAM = W47864AP4M;
				INFOPLIST_FILE = "Diary App/Info.plist";
				LD_RUNPATH_SEARCH_PATHS = "$(inherited) @executable_path/Frameworks";
				PRODUCT_BUNDLE_IDENTIFIER = "angusmuller.Diary-App";
				PRODUCT_NAME = "$(TARGET_NAME)";
				SWIFT_VERSION = 4.0;
				TARGETED_DEVICE_FAMILY = "1,2";
			};
			name = Release;
		};
		183FBACC1FB326DD000E0ADC /* Debug */ = {
			isa = XCBuildConfiguration;
			buildSettings = {
				ALWAYS_EMBED_SWIFT_STANDARD_LIBRARIES = YES;
				BUNDLE_LOADER = "$(TEST_HOST)";
				CODE_SIGN_STYLE = Automatic;
				DEVELOPMENT_TEAM = W47864AP4M;
				INFOPLIST_FILE = "Diary AppTests/Info.plist";
				LD_RUNPATH_SEARCH_PATHS = "$(inherited) @executable_path/Frameworks @loader_path/Frameworks";
				PRODUCT_BUNDLE_IDENTIFIER = "angusmuller.Diary-AppTests";
				PRODUCT_NAME = "$(TARGET_NAME)";
				SWIFT_VERSION = 4.0;
				TARGETED_DEVICE_FAMILY = "1,2";
				TEST_HOST = "$(BUILT_PRODUCTS_DIR)/Diary App.app/Diary App";
			};
			name = Debug;
		};
		183FBACD1FB326DD000E0ADC /* Release */ = {
			isa = XCBuildConfiguration;
			buildSettings = {
				ALWAYS_EMBED_SWIFT_STANDARD_LIBRARIES = YES;
				BUNDLE_LOADER = "$(TEST_HOST)";
				CODE_SIGN_STYLE = Automatic;
				DEVELOPMENT_TEAM = W47864AP4M;
				INFOPLIST_FILE = "Diary AppTests/Info.plist";
				LD_RUNPATH_SEARCH_PATHS = "$(inherited) @executable_path/Frameworks @loader_path/Frameworks";
				PRODUCT_BUNDLE_IDENTIFIER = "angusmuller.Diary-AppTests";
				PRODUCT_NAME = "$(TARGET_NAME)";
				SWIFT_VERSION = 4.0;
				TARGETED_DEVICE_FAMILY = "1,2";
				TEST_HOST = "$(BUILT_PRODUCTS_DIR)/Diary App.app/Diary App";
			};
			name = Release;
		};
/* End XCBuildConfiguration section */

/* Begin XCConfigurationList section */
		183FBAA61FB326DD000E0ADC /* Build configuration list for PBXProject "Diary App" */ = {
			isa = XCConfigurationList;
			buildConfigurations = (
				183FBAC61FB326DD000E0ADC /* Debug */,
				183FBAC71FB326DD000E0ADC /* Release */,
			);
			defaultConfigurationIsVisible = 0;
			defaultConfigurationName = Release;
		};
		183FBAC81FB326DD000E0ADC /* Build configuration list for PBXNativeTarget "Diary App" */ = {
			isa = XCConfigurationList;
			buildConfigurations = (
				183FBAC91FB326DD000E0ADC /* Debug */,
				183FBACA1FB326DD000E0ADC /* Release */,
			);
			defaultConfigurationIsVisible = 0;
			defaultConfigurationName = Release;
		};
		183FBACB1FB326DD000E0ADC /* Build configuration list for PBXNativeTarget "Diary AppTests" */ = {
			isa = XCConfigurationList;
			buildConfigurations = (
				183FBACC1FB326DD000E0ADC /* Debug */,
				183FBACD1FB326DD000E0ADC /* Release */,
			);
			defaultConfigurationIsVisible = 0;
			defaultConfigurationName = Release;
		};
/* End XCConfigurationList section */

/* Begin XCVersionGroup section */
		18E3DE411FB3489000A6A011 /* Diary.xcdatamodeld */ = {
			isa = XCVersionGroup;
			children = (
				18E3DE421FB3489000A6A011 /* Diary.xcdatamodel */,
			);
			currentVersion = 18E3DE421FB3489000A6A011 /* Diary.xcdatamodel */;
			path = Diary.xcdatamodeld;
			sourceTree = "<group>";
			versionGroupType = wrapper.xcdatamodel;
		};
/* End XCVersionGroup section */
	};
	rootObject = 183FBAA31FB326DD000E0ADC /* Project object */;
}
